
Microsoft Visual Studio Solution File, Format Version 12.00
# Visual Studio Version 16
VisualStudioVersion = 16.0.31019.35
MinimumVisualStudioVersion = 10.0.40219.1
Project("{FAE04EC0-301F-11D3-BF4B-00C04F79EFBC}") = "MHST2SaveManager", "MHST2SaveManager\MHST2SaveManager.csproj", "{7832EC52-4B5C-42E4-A009-46429A70A76A}"
EndProject
Global
	GlobalSection(SolutionConfigurationPlatforms) = preSolution
		Debug|Any CPU = Debug|Any CPU
		Release|Any CPU = Release|Any CPU
	EndGlobalSection
	GlobalSection(ProjectConfigurationPlatforms) = postSolution
		{7832EC52-4B5C-42E4-A009-46429A70A76A}.Debug|Any CPU.ActiveCfg = Debug|Any CPU
		{7832EC52-4B5C-42E4-A009-46429A70A76A}.Debug|Any CPU.Build.0 = Debug|Any CPU
		{7832EC52-4B5C-42E4-A009-46429A70A76A}.Release|Any CPU.ActiveCfg = Release|Any CPU
		{7832EC52-4B5C-42E4-A009-46429A70A76A}.Release|Any CPU.Build.0 = Release|Any CPU
	EndGlobalSection
	GlobalSection(SolutionProperties) = preSolution
		HideSolutionNode = FALSE
	EndGlobalSection
	GlobalSection(ExtensibilityGlobals) = postSolution
		SolutionGuid = {02FCA8AE-10D2-41DD-90B9-E9BC092BDD67}
	EndGlobalSection
EndGlobal
